
Microsoft Visual Studio Solution File, Format Version 12.00
# Visual Studio Version 17
VisualStudioVersion = 17.5.002.0
MinimumVisualStudioVersion = 10.0.40219.1
Project("{9A19103F-16F7-4668-BE54-9A1E7A4F7556}") = "17", "17\17.csproj", "{EEDC5581-F103-4C7B-8914-B6C459FEAD9B}"
EndProject
Project("{9A19103F-16F7-4668-BE54-9A1E7A4F7556}") = "15", "15\15.csproj", "{0C184B6C-9C83-46E4-8560-5C338B54EB7D}"
EndProject
Project("{9A19103F-16F7-4668-BE54-9A1E7A4F7556}") = "21", "21\21.csproj", "{861E3A18-DD39-428F-8AB8-984765864C51}"
EndProject
Project("{9A19103F-16F7-4668-BE54-9A1E7A4F7556}") = "3", "3\3.csproj", "{34534AF2-9BE7-491C-948A-70C1E265B5F3}"
EndProject
Project("{9A19103F-16F7-4668-BE54-9A1E7A4F7556}") = "20", "20\20.csproj", "{2327A140-EB55-44E6-9349-F28CE9E3BFF2}"
EndProject
Project("{9A19103F-16F7-4668-BE54-9A1E7A4F7556}") = "4", "4\4.csproj", "{0480E549-8C9E-47F3-973E-26E1B834B7DA}"
EndProject
Project("{9A19103F-16F7-4668-BE54-9A1E7A4F7556}") = "22", "22\22.csproj", "{C2128773-4D29-438F-9026-19375C8D7D21}"
EndProject
Project("{9A19103F-16F7-4668-BE54-9A1E7A4F7556}") = "16", "16\16.csproj", "{2AE18673-54F9-4103-B0F2-5E566FD3F1A8}"
EndProject
Project("{9A19103F-16F7-4668-BE54-9A1E7A4F7556}") = "8", "8\8.csproj", "{63A74A92-9218-494B-B3AB-62928484A5F3}"
EndProject
Project("{9A19103F-16F7-4668-BE54-9A1E7A4F7556}") = "1", "1\1.csproj", "{38C2F439-5098-402F-92D4-761C01DC9B06}"
EndProject
Project("{9A19103F-16F7-4668-BE54-9A1E7A4F7556}") = "6", "6\6.csproj", "{81C61A4C-61FD-4B8E-936D-58B08EF7A9D9}"
EndProject
Project("{9A19103F-16F7-4668-BE54-9A1E7A4F7556}") = "10", "10\10.csproj", "{F8BA5B08-D86A-48F1-8539-CD0F02F43935}"
EndProject
Project("{9A19103F-16F7-4668-BE54-9A1E7A4F7556}") = "14", "14\14.csproj", "{600D88DA-BB2F-428E-8C50-0C8EC32ECFDD}"
EndProject
Project("{9A19103F-16F7-4668-BE54-9A1E7A4F7556}") = "18", "18\18.csproj", "{3E9481B4-DA8A-4C48-85F6-233EE6593D94}"
EndProject
Project("{9A19103F-16F7-4668-BE54-9A1E7A4F7556}") = "5", "5\5.csproj", "{6419C225-E931-470E-89A8-1729DFA3B970}"
EndProject
Project("{9A19103F-16F7-4668-BE54-9A1E7A4F7556}") = "7", "7\7.csproj", "{0C3D938E-6A54-4FB8-8BF7-40956CA527C2}"
EndProject
Project("{9A19103F-16F7-4668-BE54-9A1E7A4F7556}") = "2", "2\2.csproj", "{83C74DC3-E1CE-4836-A737-C257973B0557}"
EndProject
Project("{9A19103F-16F7-4668-BE54-9A1E7A4F7556}") = "11", "11\11.csproj", "{5C417293-37CB-419A-9FD9-F14A5AAB3AEA}"
EndProject
Project("{9A19103F-16F7-4668-BE54-9A1E7A4F7556}") = "12", "12\12.csproj", "{80EC2E0E-E756-4ADA-8FEC-05F202FDBA57}"
EndProject
Project("{9A19103F-16F7-4668-BE54-9A1E7A4F7556}") = "13", "13\13.csproj", "{5C7A71B9-A3A0-483F-A1BA-E8EF417323E8}"
EndProject
Project("{9A19103F-16F7-4668-BE54-9A1E7A4F7556}") = "9", "9\9.csproj", "{B68D8833-64B3-412E-87B2-A20136D773AF}"
EndProject
Project("{9A19103F-16F7-4668-BE54-9A1E7A4F7556}") = "19", "19\19.csproj", "{DF8BE1BC-58B3-431F-87CA-B953E81FD3BC}"
EndProject
Project("{FAE04EC0-301F-11D3-BF4B-00C04F79EFBC}") = "23", "23\23.csproj", "{8C56C409-483F-4E42-88AB-3395938EA543}"
EndProject
Project("{FAE04EC0-301F-11D3-BF4B-00C04F79EFBC}") = "24", "24\24.csproj", "{93F45FFC-DE50-4AF1-B602-B5BC5E5CE91E}"
EndProject
Global
	GlobalSection(SolutionConfigurationPlatforms) = preSolution
		Debug|Any CPU = Debug|Any CPU
		Release|Any CPU = Release|Any CPU
	EndGlobalSection
	GlobalSection(ProjectConfigurationPlatforms) = postSolution
		{EEDC5581-F103-4C7B-8914-B6C459FEAD9B}.Debug|Any CPU.ActiveCfg = Debug|Any CPU
		{EEDC5581-F103-4C7B-8914-B6C459FEAD9B}.Debug|Any CPU.Build.0 = Debug|Any CPU
		{EEDC5581-F103-4C7B-8914-B6C459FEAD9B}.Release|Any CPU.ActiveCfg = Release|Any CPU
		{EEDC5581-F103-4C7B-8914-B6C459FEAD9B}.Release|Any CPU.Build.0 = Release|Any CPU
		{0C184B6C-9C83-46E4-8560-5C338B54EB7D}.Debug|Any CPU.ActiveCfg = Debug|Any CPU
		{0C184B6C-9C83-46E4-8560-5C338B54EB7D}.Debug|Any CPU.Build.0 = Debug|Any CPU
		{0C184B6C-9C83-46E4-8560-5C338B54EB7D}.Release|Any CPU.ActiveCfg = Release|Any CPU
		{0C184B6C-9C83-46E4-8560-5C338B54EB7D}.Release|Any CPU.Build.0 = Release|Any CPU
		{861E3A18-DD39-428F-8AB8-984765864C51}.Debug|Any CPU.ActiveCfg = Debug|Any CPU
		{861E3A18-DD39-428F-8AB8-984765864C51}.Debug|Any CPU.Build.0 = Debug|Any CPU
		{861E3A18-DD39-428F-8AB8-984765864C51}.Release|Any CPU.ActiveCfg = Release|Any CPU
		{861E3A18-DD39-428F-8AB8-984765864C51}.Release|Any CPU.Build.0 = Release|Any CPU
		{34534AF2-9BE7-491C-948A-70C1E265B5F3}.Debug|Any CPU.ActiveCfg = Debug|Any CPU
		{34534AF2-9BE7-491C-948A-70C1E265B5F3}.Debug|Any CPU.Build.0 = Debug|Any CPU
		{34534AF2-9BE7-491C-948A-70C1E265B5F3}.Release|Any CPU.ActiveCfg = Release|Any CPU
		{34534AF2-9BE7-491C-948A-70C1E265B5F3}.Release|Any CPU.Build.0 = Release|Any CPU
		{2327A140-EB55-44E6-9349-F28CE9E3BFF2}.Debug|Any CPU.ActiveCfg = Debug|Any CPU
		{2327A140-EB55-44E6-9349-F28CE9E3BFF2}.Debug|Any CPU.Build.0 = Debug|Any CPU
		{2327A140-EB55-44E6-9349-F28CE9E3BFF2}.Release|Any CPU.ActiveCfg = Release|Any CPU
		{2327A140-EB55-44E6-9349-F28CE9E3BFF2}.Release|Any CPU.Build.0 = Release|Any CPU
		{0480E549-8C9E-47F3-973E-26E1B834B7DA}.Debug|Any CPU.ActiveCfg = Debug|Any CPU
		{0480E549-8C9E-47F3-973E-26E1B834B7DA}.Debug|Any CPU.Build.0 = Debug|Any CPU
		{0480E549-8C9E-47F3-973E-26E1B834B7DA}.Release|Any CPU.ActiveCfg = Release|Any CPU
		{0480E549-8C9E-47F3-973E-26E1B834B7DA}.Release|Any CPU.Build.0 = Release|Any CPU
		{C2128773-4D29-438F-9026-19375C8D7D21}.Debug|Any CPU.ActiveCfg = Debug|Any CPU
		{C2128773-4D29-438F-9026-19375C8D7D21}.Debug|Any CPU.Build.0 = Debug|Any CPU
		{C2128773-4D29-438F-9026-19375C8D7D21}.Release|Any CPU.ActiveCfg = Release|Any CPU
		{C2128773-4D29-438F-9026-19375C8D7D21}.Release|Any CPU.Build.0 = Release|Any CPU
		{2AE18673-54F9-4103-B0F2-5E566FD3F1A8}.Debug|Any CPU.ActiveCfg = Debug|Any CPU
		{2AE18673-54F9-4103-B0F2-5E566FD3F1A8}.Debug|Any CPU.Build.0 = Debug|Any CPU
		{2AE18673-54F9-4103-B0F2-5E566FD3F1A8}.Release|Any CPU.ActiveCfg = Release|Any CPU
		{2AE18673-54F9-4103-B0F2-5E566FD3F1A8}.Release|Any CPU.Build.0 = Release|Any CPU
		{63A74A92-9218-494B-B3AB-62928484A5F3}.Debug|Any CPU.ActiveCfg = Debug|Any CPU
		{63A74A92-9218-494B-B3AB-62928484A5F3}.Debug|Any CPU.Build.0 = Debug|Any CPU
		{63A74A92-9218-494B-B3AB-62928484A5F3}.Release|Any CPU.ActiveCfg = Release|Any CPU
		{63A74A92-9218-494B-B3AB-62928484A5F3}.Release|Any CPU.Build.0 = Release|Any CPU
		{38C2F439-5098-402F-92D4-761C01DC9B06}.Debug|Any CPU.ActiveCfg = Debug|Any CPU
		{38C2F439-5098-402F-92D4-761C01DC9B06}.Debug|Any CPU.Build.0 = Debug|Any CPU
		{38C2F439-5098-402F-92D4-761C01DC9B06}.Release|Any CPU.ActiveCfg = Release|Any CPU
		{38C2F439-5098-402F-92D4-761C01DC9B06}.Release|Any CPU.Build.0 = Release|Any CPU
		{81C61A4C-61FD-4B8E-936D-58B08EF7A9D9}.Debug|Any CPU.ActiveCfg = Debug|Any CPU
		{81C61A4C-61FD-4B8E-936D-58B08EF7A9D9}.Debug|Any CPU.Build.0 = Debug|Any CPU
		{81C61A4C-61FD-4B8E-936D-58B08EF7A9D9}.Release|Any CPU.ActiveCfg = Release|Any CPU
		{81C61A4C-61FD-4B8E-936D-58B08EF7A9D9}.Release|Any CPU.Build.0 = Release|Any CPU
		{F8BA5B08-D86A-48F1-8539-CD0F02F43935}.Debug|Any CPU.ActiveCfg = Debug|Any CPU
		{F8BA5B08-D86A-48F1-8539-CD0F02F43935}.Debug|Any CPU.Build.0 = Debug|Any CPU
		{F8BA5B08-D86A-48F1-8539-CD0F02F43935}.Release|Any CPU.ActiveCfg = Release|Any CPU
		{F8BA5B08-D86A-48F1-8539-CD0F02F43935}.Release|Any CPU.Build.0 = Release|Any CPU
		{600D88DA-BB2F-428E-8C50-0C8EC32ECFDD}.Debug|Any CPU.ActiveCfg = Debug|Any CPU
		{600D88DA-BB2F-428E-8C50-0C8EC32ECFDD}.Debug|Any CPU.Build.0 = Debug|Any CPU
		{600D88DA-BB2F-428E-8C50-0C8EC32ECFDD}.Release|Any CPU.ActiveCfg = Release|Any CPU
		{600D88DA-BB2F-428E-8C50-0C8EC32ECFDD}.Release|Any CPU.Build.0 = Release|Any CPU
		{3E9481B4-DA8A-4C48-85F6-233EE6593D94}.Debug|Any CPU.ActiveCfg = Debug|Any CPU
		{3E9481B4-DA8A-4C48-85F6-233EE6593D94}.Debug|Any CPU.Build.0 = Debug|Any CPU
		{3E9481B4-DA8A-4C48-85F6-233EE6593D94}.Release|Any CPU.ActiveCfg = Release|Any CPU
		{3E9481B4-DA8A-4C48-85F6-233EE6593D94}.Release|Any CPU.Build.0 = Release|Any CPU
		{6419C225-E931-470E-89A8-1729DFA3B970}.Debug|Any CPU.ActiveCfg = Debug|Any CPU
		{6419C225-E931-470E-89A8-1729DFA3B970}.Debug|Any CPU.Build.0 = Debug|Any CPU
		{6419C225-E931-470E-89A8-1729DFA3B970}.Release|Any CPU.ActiveCfg = Release|Any CPU
		{6419C225-E931-470E-89A8-1729DFA3B970}.Release|Any CPU.Build.0 = Release|Any CPU
		{0C3D938E-6A54-4FB8-8BF7-40956CA527C2}.Debug|Any CPU.ActiveCfg = Debug|Any CPU
		{0C3D938E-6A54-4FB8-8BF7-40956CA527C2}.Debug|Any CPU.Build.0 = Debug|Any CPU
		{0C3D938E-6A54-4FB8-8BF7-40956CA527C2}.Release|Any CPU.ActiveCfg = Release|Any CPU
		{0C3D938E-6A54-4FB8-8BF7-40956CA527C2}.Release|Any CPU.Build.0 = Release|Any CPU
		{83C74DC3-E1CE-4836-A737-C257973B0557}.Debug|Any CPU.ActiveCfg = Debug|Any CPU
		{83C74DC3-E1CE-4836-A737-C257973B0557}.Debug|Any CPU.Build.0 = Debug|Any CPU
		{83C74DC3-E1CE-4836-A737-C257973B0557}.Release|Any CPU.ActiveCfg = Release|Any CPU
		{83C74DC3-E1CE-4836-A737-C257973B0557}.Release|Any CPU.Build.0 = Release|Any CPU
		{5C417293-37CB-419A-9FD9-F14A5AAB3AEA}.Debug|Any CPU.ActiveCfg = Debug|Any CPU
		{5C417293-37CB-419A-9FD9-F14A5AAB3AEA}.Debug|Any CPU.Build.0 = Debug|Any CPU
		{5C417293-37CB-419A-9FD9-F14A5AAB3AEA}.Release|Any CPU.ActiveCfg = Release|Any CPU
		{5C417293-37CB-419A-9FD9-F14A5AAB3AEA}.Release|Any CPU.Build.0 = Release|Any CPU
		{80EC2E0E-E756-4ADA-8FEC-05F202FDBA57}.Debug|Any CPU.ActiveCfg = Debug|Any CPU
		{80EC2E0E-E756-4ADA-8FEC-05F202FDBA57}.Debug|Any CPU.Build.0 = Debug|Any CPU
		{80EC2E0E-E756-4ADA-8FEC-05F202FDBA57}.Release|Any CPU.ActiveCfg = Release|Any CPU
		{80EC2E0E-E756-4ADA-8FEC-05F202FDBA57}.Release|Any CPU.Build.0 = Release|Any CPU
		{5C7A71B9-A3A0-483F-A1BA-E8EF417323E8}.Debug|Any CPU.ActiveCfg = Debug|Any CPU
		{5C7A71B9-A3A0-483F-A1BA-E8EF417323E8}.Debug|Any CPU.Build.0 = Debug|Any CPU
		{5C7A71B9-A3A0-483F-A1BA-E8EF417323E8}.Release|Any CPU.ActiveCfg = Release|Any CPU
		{5C7A71B9-A3A0-483F-A1BA-E8EF417323E8}.Release|Any CPU.Build.0 = Release|Any CPU
		{B68D8833-64B3-412E-87B2-A20136D773AF}.Debug|Any CPU.ActiveCfg = Debug|Any CPU
		{B68D8833-64B3-412E-87B2-A20136D773AF}.Debug|Any CPU.Build.0 = Debug|Any CPU
		{B68D8833-64B3-412E-87B2-A20136D773AF}.Release|Any CPU.ActiveCfg = Release|Any CPU
		{B68D8833-64B3-412E-87B2-A20136D773AF}.Release|Any CPU.Build.0 = Release|Any CPU
		{DF8BE1BC-58B3-431F-87CA-B953E81FD3BC}.Debug|Any CPU.ActiveCfg = Debug|Any CPU
		{DF8BE1BC-58B3-431F-87CA-B953E81FD3BC}.Debug|Any CPU.Build.0 = Debug|Any CPU
		{DF8BE1BC-58B3-431F-87CA-B953E81FD3BC}.Release|Any CPU.ActiveCfg = Release|Any CPU
		{DF8BE1BC-58B3-431F-87CA-B953E81FD3BC}.Release|Any CPU.Build.0 = Release|Any CPU
		{8C56C409-483F-4E42-88AB-3395938EA543}.Debug|Any CPU.ActiveCfg = Debug|Any CPU
		{8C56C409-483F-4E42-88AB-3395938EA543}.Debug|Any CPU.Build.0 = Debug|Any CPU
		{8C56C409-483F-4E42-88AB-3395938EA543}.Release|Any CPU.ActiveCfg = Release|Any CPU
		{8C56C409-483F-4E42-88AB-3395938EA543}.Release|Any CPU.Build.0 = Release|Any CPU
		{93F45FFC-DE50-4AF1-B602-B5BC5E5CE91E}.Debug|Any CPU.ActiveCfg = Debug|Any CPU
		{93F45FFC-DE50-4AF1-B602-B5BC5E5CE91E}.Debug|Any CPU.Build.0 = Debug|Any CPU
		{93F45FFC-DE50-4AF1-B602-B5BC5E5CE91E}.Release|Any CPU.ActiveCfg = Release|Any CPU
		{93F45FFC-DE50-4AF1-B602-B5BC5E5CE91E}.Release|Any CPU.Build.0 = Release|Any CPU
	EndGlobalSection
	GlobalSection(SolutionProperties) = preSolution
		HideSolutionNode = FALSE
	EndGlobalSection
	GlobalSection(ExtensibilityGlobals) = postSolution
		SolutionGuid = {1DA4F104-AF36-4588-B8F5-45CBBAA3F194}
	EndGlobalSection
EndGlobal
